
Microsoft Visual Studio Solution File, Format Version 12.00
# Visual Studio Version 17
VisualStudioVersion = 17.8.34525.116
MinimumVisualStudioVersion = 10.0.40219.1
Project("{9A19103F-16F7-4668-BE54-9A1E7A4F7556}") = "Rinha2024.Dotnet", "Rinha2024.Dotnet.csproj", "{09D5D0C6-B95E-4AA1-A417-9C1B890D709D}"
EndProject
Project("{9A19103F-16F7-4668-BE54-9A1E7A4F7556}") = "NBomberLoadTest", "NBomberLoadTest\NBomberLoadTest.csproj", "{DF6D1CD6-E1F5-4553-8E3F-FB3F3587E782}"
EndProject
Global
	GlobalSection(SolutionConfigurationPlatforms) = preSolution
		Debug|Any CPU = Debug|Any CPU
		Release|Any CPU = Release|Any CPU
	EndGlobalSection
	GlobalSection(ProjectConfigurationPlatforms) = postSolution
		{09D5D0C6-B95E-4AA1-A417-9C1B890D709D}.Debug|Any CPU.ActiveCfg = Debug|Any CPU
		{09D5D0C6-B95E-4AA1-A417-9C1B890D709D}.Debug|Any CPU.Build.0 = Debug|Any CPU
		{09D5D0C6-B95E-4AA1-A417-9C1B890D709D}.Release|Any CPU.ActiveCfg = Release|Any CPU
		{09D5D0C6-B95E-4AA1-A417-9C1B890D709D}.Release|Any CPU.Build.0 = Release|Any CPU
		{DF6D1CD6-E1F5-4553-8E3F-FB3F3587E782}.Debug|Any CPU.ActiveCfg = Debug|Any CPU
		{DF6D1CD6-E1F5-4553-8E3F-FB3F3587E782}.Debug|Any CPU.Build.0 = Debug|Any CPU
		{DF6D1CD6-E1F5-4553-8E3F-FB3F3587E782}.Release|Any CPU.ActiveCfg = Release|Any CPU
		{DF6D1CD6-E1F5-4553-8E3F-FB3F3587E782}.Release|Any CPU.Build.0 = Release|Any CPU
	EndGlobalSection
	GlobalSection(SolutionProperties) = preSolution
		HideSolutionNode = FALSE
	EndGlobalSection
	GlobalSection(ExtensibilityGlobals) = postSolution
		SolutionGuid = {0CD226D1-4B63-417C-8016-DDCE52032301}
	EndGlobalSection
EndGlobal
